
Microsoft Visual Studio Solution File, Format Version 12.00
# Visual Studio Version 17
VisualStudioVersion = 17.3.32922.545
MinimumVisualStudioVersion = 10.0.40219.1
Project("{FAE04EC0-301F-11D3-BF4B-00C04F79EFBC}") = "DeluxiaScripts-Unity", "DeluxiaScripts-Unity\DeluxiaScripts-Unity.csproj", "{CC491897-1F97-41FA-902A-5D11F6797131}"
EndProject
Global
	GlobalSection(SolutionConfigurationPlatforms) = preSolution
		Debug|Any CPU = Debug|Any CPU
		Release|Any CPU = Release|Any CPU
	EndGlobalSection
	GlobalSection(ProjectConfigurationPlatforms) = postSolution
		{CC491897-1F97-41FA-902A-5D11F6797131}.Debug|Any CPU.ActiveCfg = Debug|Any CPU
		{CC491897-1F97-41FA-902A-5D11F6797131}.Debug|Any CPU.Build.0 = Debug|Any CPU
		{CC491897-1F97-41FA-902A-5D11F6797131}.Release|Any CPU.ActiveCfg = Release|Any CPU
		{CC491897-1F97-41FA-902A-5D11F6797131}.Release|Any CPU.Build.0 = Release|Any CPU
	EndGlobalSection
	GlobalSection(SolutionProperties) = preSolution
		HideSolutionNode = FALSE
	EndGlobalSection
	GlobalSection(ExtensibilityGlobals) = postSolution
		SolutionGuid = {AA70E58D-320A-48B7-B3CA-D73C53842D8F}
	EndGlobalSection
EndGlobal
